
Microsoft Visual Studio Solution File, Format Version 12.00
# Visual Studio Version 17
VisualStudioVersion = 17.13.35825.156 d17.13
MinimumVisualStudioVersion = 10.0.40219.1
Project("{FAE04EC0-301F-11D3-BF4B-00C04F79EFBC}") = "Day_3", "Day_3\Day_3.csproj", "{E479DE1E-7778-4850-89E2-7E49419CAB7F}"
EndProject
Global
	GlobalSection(SolutionConfigurationPlatforms) = preSolution
		Debug|Any CPU = Debug|Any CPU
		Release|Any CPU = Release|Any CPU
	EndGlobalSection
	GlobalSection(ProjectConfigurationPlatforms) = postSolution
		{E479DE1E-7778-4850-89E2-7E49419CAB7F}.Debug|Any CPU.ActiveCfg = Debug|Any CPU
		{E479DE1E-7778-4850-89E2-7E49419CAB7F}.Debug|Any CPU.Build.0 = Debug|Any CPU
		{E479DE1E-7778-4850-89E2-7E49419CAB7F}.Release|Any CPU.ActiveCfg = Release|Any CPU
		{E479DE1E-7778-4850-89E2-7E49419CAB7F}.Release|Any CPU.Build.0 = Release|Any CPU
	EndGlobalSection
	GlobalSection(SolutionProperties) = preSolution
		HideSolutionNode = FALSE
	EndGlobalSection
	GlobalSection(ExtensibilityGlobals) = postSolution
		SolutionGuid = {FD493DC1-F44C-4FB4-80B1-55562B2F6F12}
	EndGlobalSection
EndGlobal
